
Microsoft Visual Studio Solution File, Format Version 12.00
# Visual Studio 15
Project("{FAE04EC0-301F-11D3-BF4B-00C04F79EFBC}") = "PatternGame", "PatternGame\PatternGame.csproj", "{355BA5B3-DB8C-427E-9659-D3ADCEF9CAB3}"
EndProject
Global
	GlobalSection(SolutionConfigurationPlatforms) = preSolution
		Debug|Any CPU = Debug|Any CPU
		Release|Any CPU = Release|Any CPU
	EndGlobalSection
	GlobalSection(ProjectConfigurationPlatforms) = postSolution
		{355BA5B3-DB8C-427E-9659-D3ADCEF9CAB3}.Debug|Any CPU.ActiveCfg = Debug|Any CPU
		{355BA5B3-DB8C-427E-9659-D3ADCEF9CAB3}.Debug|Any CPU.Build.0 = Debug|Any CPU
		{355BA5B3-DB8C-427E-9659-D3ADCEF9CAB3}.Release|Any CPU.ActiveCfg = Release|Any CPU
		{355BA5B3-DB8C-427E-9659-D3ADCEF9CAB3}.Release|Any CPU.Build.0 = Release|Any CPU
	EndGlobalSection
EndGlobal
